
Microsoft Visual Studio Solution File, Format Version 12.00
# Visual Studio 15
VisualStudioVersion = 15.0.26730.12
MinimumVisualStudioVersion = 10.0.40219.1
Project("{FAE04EC0-301F-11D3-BF4B-00C04F79EFBC}") = "MethodsSigh", "ClassesTasks\MethodsSigh.csproj", "{1275AE3E-B1EF-43C9-80A2-7C7D1EA19D8B}"
EndProject
Project("{FAE04EC0-301F-11D3-BF4B-00C04F79EFBC}") = "MethodsDeclareandInvoke", "MethodsDeclareandInvoke\MethodsDeclareandInvoke.csproj", "{E9E72673-8378-4F67-BEE4-A172C0136269}"
EndProject
Project("{FAE04EC0-301F-11D3-BF4B-00C04F79EFBC}") = "MethodsTriangle", "MethodTriangle\MethodsTriangle.csproj", "{A26827C6-45F6-4863-B5D2-4BD4BF85FA6E}"
EndProject
Project("{FAE04EC0-301F-11D3-BF4B-00C04F79EFBC}") = "MethodsTringleArea", "MethodTringleArea\MethodsTringleArea.csproj", "{02D36E92-3E60-426E-AC0E-E2ED1EB12328}"
EndProject
Project("{FAE04EC0-301F-11D3-BF4B-00C04F79EFBC}") = "MethodsGreatherThan", "MethodsGreatherThan\MethodsGreatherThan.csproj", "{74A117E8-6E72-4D2C-8A89-0E5B79AB29C3}"
EndProject
Project("{FAE04EC0-301F-11D3-BF4B-00C04F79EFBC}") = "MethodsGreaterThan2", "MethotGreaterThan2\MethodsGreaterThan2.csproj", "{AC73D44A-5C96-46E9-82BA-1A585F5F97FC}"
EndProject
Project("{FAE04EC0-301F-11D3-BF4B-00C04F79EFBC}") = "MethodsMultipluEventsandOdds", "MethodsMultipluEventsandOdds\MethodsMultipluEventsandOdds.csproj", "{11751D2F-CE00-481D-BDBE-5F47B4041A53}"
EndProject
Project("{FAE04EC0-301F-11D3-BF4B-00C04F79EFBC}") = "MethodsPrimeChecker", "MethodsPrimeChecker\MethodsPrimeChecker.csproj", "{71F5C1A5-BE05-4673-A943-AD5921BBB0FB}"
EndProject
Project("{FAE04EC0-301F-11D3-BF4B-00C04F79EFBC}") = "MethodsPrimeCheckerRange", "MethodsPrimeCheckerRange\MethodsPrimeCheckerRange.csproj", "{3E24B1D5-E849-4E88-9635-767E3F59D7DB}"
EndProject
Project("{FAE04EC0-301F-11D3-BF4B-00C04F79EFBC}") = "CentrePoint", "ConsoleApp1\CentrePoint.csproj", "{8433E2C1-365D-4F85-84F6-EE97015D3012}"
EndProject
Global
	GlobalSection(SolutionConfigurationPlatforms) = preSolution
		Debug|Any CPU = Debug|Any CPU
		Release|Any CPU = Release|Any CPU
	EndGlobalSection
	GlobalSection(ProjectConfigurationPlatforms) = postSolution
		{1275AE3E-B1EF-43C9-80A2-7C7D1EA19D8B}.Debug|Any CPU.ActiveCfg = Debug|Any CPU
		{1275AE3E-B1EF-43C9-80A2-7C7D1EA19D8B}.Debug|Any CPU.Build.0 = Debug|Any CPU
		{1275AE3E-B1EF-43C9-80A2-7C7D1EA19D8B}.Release|Any CPU.ActiveCfg = Release|Any CPU
		{1275AE3E-B1EF-43C9-80A2-7C7D1EA19D8B}.Release|Any CPU.Build.0 = Release|Any CPU
		{E9E72673-8378-4F67-BEE4-A172C0136269}.Debug|Any CPU.ActiveCfg = Debug|Any CPU
		{E9E72673-8378-4F67-BEE4-A172C0136269}.Debug|Any CPU.Build.0 = Debug|Any CPU
		{E9E72673-8378-4F67-BEE4-A172C0136269}.Release|Any CPU.ActiveCfg = Release|Any CPU
		{E9E72673-8378-4F67-BEE4-A172C0136269}.Release|Any CPU.Build.0 = Release|Any CPU
		{A26827C6-45F6-4863-B5D2-4BD4BF85FA6E}.Debug|Any CPU.ActiveCfg = Debug|Any CPU
		{A26827C6-45F6-4863-B5D2-4BD4BF85FA6E}.Debug|Any CPU.Build.0 = Debug|Any CPU
		{A26827C6-45F6-4863-B5D2-4BD4BF85FA6E}.Release|Any CPU.ActiveCfg = Release|Any CPU
		{A26827C6-45F6-4863-B5D2-4BD4BF85FA6E}.Release|Any CPU.Build.0 = Release|Any CPU
		{02D36E92-3E60-426E-AC0E-E2ED1EB12328}.Debug|Any CPU.ActiveCfg = Debug|Any CPU
		{02D36E92-3E60-426E-AC0E-E2ED1EB12328}.Debug|Any CPU.Build.0 = Debug|Any CPU
		{02D36E92-3E60-426E-AC0E-E2ED1EB12328}.Release|Any CPU.ActiveCfg = Release|Any CPU
		{02D36E92-3E60-426E-AC0E-E2ED1EB12328}.Release|Any CPU.Build.0 = Release|Any CPU
		{74A117E8-6E72-4D2C-8A89-0E5B79AB29C3}.Debug|Any CPU.ActiveCfg = Debug|Any CPU
		{74A117E8-6E72-4D2C-8A89-0E5B79AB29C3}.Debug|Any CPU.Build.0 = Debug|Any CPU
		{74A117E8-6E72-4D2C-8A89-0E5B79AB29C3}.Release|Any CPU.ActiveCfg = Release|Any CPU
		{74A117E8-6E72-4D2C-8A89-0E5B79AB29C3}.Release|Any CPU.Build.0 = Release|Any CPU
		{AC73D44A-5C96-46E9-82BA-1A585F5F97FC}.Debug|Any CPU.ActiveCfg = Debug|Any CPU
		{AC73D44A-5C96-46E9-82BA-1A585F5F97FC}.Debug|Any CPU.Build.0 = Debug|Any CPU
		{AC73D44A-5C96-46E9-82BA-1A585F5F97FC}.Release|Any CPU.ActiveCfg = Release|Any CPU
		{AC73D44A-5C96-46E9-82BA-1A585F5F97FC}.Release|Any CPU.Build.0 = Release|Any CPU
		{11751D2F-CE00-481D-BDBE-5F47B4041A53}.Debug|Any CPU.ActiveCfg = Debug|Any CPU
		{11751D2F-CE00-481D-BDBE-5F47B4041A53}.Debug|Any CPU.Build.0 = Debug|Any CPU
		{11751D2F-CE00-481D-BDBE-5F47B4041A53}.Release|Any CPU.ActiveCfg = Release|Any CPU
		{11751D2F-CE00-481D-BDBE-5F47B4041A53}.Release|Any CPU.Build.0 = Release|Any CPU
		{71F5C1A5-BE05-4673-A943-AD5921BBB0FB}.Debug|Any CPU.ActiveCfg = Debug|Any CPU
		{71F5C1A5-BE05-4673-A943-AD5921BBB0FB}.Debug|Any CPU.Build.0 = Debug|Any CPU
		{71F5C1A5-BE05-4673-A943-AD5921BBB0FB}.Release|Any CPU.ActiveCfg = Release|Any CPU
		{71F5C1A5-BE05-4673-A943-AD5921BBB0FB}.Release|Any CPU.Build.0 = Release|Any CPU
		{3E24B1D5-E849-4E88-9635-767E3F59D7DB}.Debug|Any CPU.ActiveCfg = Debug|Any CPU
		{3E24B1D5-E849-4E88-9635-767E3F59D7DB}.Debug|Any CPU.Build.0 = Debug|Any CPU
		{3E24B1D5-E849-4E88-9635-767E3F59D7DB}.Release|Any CPU.ActiveCfg = Release|Any CPU
		{3E24B1D5-E849-4E88-9635-767E3F59D7DB}.Release|Any CPU.Build.0 = Release|Any CPU
		{8433E2C1-365D-4F85-84F6-EE97015D3012}.Debug|Any CPU.ActiveCfg = Debug|Any CPU
		{8433E2C1-365D-4F85-84F6-EE97015D3012}.Debug|Any CPU.Build.0 = Debug|Any CPU
		{8433E2C1-365D-4F85-84F6-EE97015D3012}.Release|Any CPU.ActiveCfg = Release|Any CPU
		{8433E2C1-365D-4F85-84F6-EE97015D3012}.Release|Any CPU.Build.0 = Release|Any CPU
	EndGlobalSection
	GlobalSection(SolutionProperties) = preSolution
		HideSolutionNode = FALSE
	EndGlobalSection
	GlobalSection(ExtensibilityGlobals) = postSolution
		SolutionGuid = {6CAF90A8-C5E6-4EBC-971B-7B709DB7EC6A}
	EndGlobalSection
EndGlobal
