
Microsoft Visual Studio Solution File, Format Version 12.00
# Visual Studio 15
VisualStudioVersion = 15.0.26730.12
MinimumVisualStudioVersion = 10.0.40219.1
Project("{FAE04EC0-301F-11D3-BF4B-00C04F79EFBC}") = "Classes", "Classes\Classes.csproj", "{B36B489B-370F-430F-9BF9-8B340B1172C3}"
EndProject
Project("{FAE04EC0-301F-11D3-BF4B-00C04F79EFBC}") = "SalesReport", "SalesReport\SalesReport.csproj", "{E3A58012-1E9F-4C48-9ABF-198FFF31235F}"
EndProject
Project("{FAE04EC0-301F-11D3-BF4B-00C04F79EFBC}") = "ClosestTwoPoints", "ClosestTwoPoints\ClosestTwoPoints.csproj", "{0A654DE1-5387-421B-8893-2051DC4F2D58}"
EndProject
Project("{FAE04EC0-301F-11D3-BF4B-00C04F79EFBC}") = "IntersectionofCircle", "IntersectionofCircle\IntersectionofCircle.csproj", "{9CA6C660-7350-4E37-A053-87A00C92B6BB}"
EndProject
Global
	GlobalSection(SolutionConfigurationPlatforms) = preSolution
		Debug|Any CPU = Debug|Any CPU
		Release|Any CPU = Release|Any CPU
	EndGlobalSection
	GlobalSection(ProjectConfigurationPlatforms) = postSolution
		{B36B489B-370F-430F-9BF9-8B340B1172C3}.Debug|Any CPU.ActiveCfg = Debug|Any CPU
		{B36B489B-370F-430F-9BF9-8B340B1172C3}.Debug|Any CPU.Build.0 = Debug|Any CPU
		{B36B489B-370F-430F-9BF9-8B340B1172C3}.Release|Any CPU.ActiveCfg = Release|Any CPU
		{B36B489B-370F-430F-9BF9-8B340B1172C3}.Release|Any CPU.Build.0 = Release|Any CPU
		{E3A58012-1E9F-4C48-9ABF-198FFF31235F}.Debug|Any CPU.ActiveCfg = Debug|Any CPU
		{E3A58012-1E9F-4C48-9ABF-198FFF31235F}.Debug|Any CPU.Build.0 = Debug|Any CPU
		{E3A58012-1E9F-4C48-9ABF-198FFF31235F}.Release|Any CPU.ActiveCfg = Release|Any CPU
		{E3A58012-1E9F-4C48-9ABF-198FFF31235F}.Release|Any CPU.Build.0 = Release|Any CPU
		{0A654DE1-5387-421B-8893-2051DC4F2D58}.Debug|Any CPU.ActiveCfg = Debug|Any CPU
		{0A654DE1-5387-421B-8893-2051DC4F2D58}.Debug|Any CPU.Build.0 = Debug|Any CPU
		{0A654DE1-5387-421B-8893-2051DC4F2D58}.Release|Any CPU.ActiveCfg = Release|Any CPU
		{0A654DE1-5387-421B-8893-2051DC4F2D58}.Release|Any CPU.Build.0 = Release|Any CPU
		{9CA6C660-7350-4E37-A053-87A00C92B6BB}.Debug|Any CPU.ActiveCfg = Debug|Any CPU
		{9CA6C660-7350-4E37-A053-87A00C92B6BB}.Debug|Any CPU.Build.0 = Debug|Any CPU
		{9CA6C660-7350-4E37-A053-87A00C92B6BB}.Release|Any CPU.ActiveCfg = Release|Any CPU
		{9CA6C660-7350-4E37-A053-87A00C92B6BB}.Release|Any CPU.Build.0 = Release|Any CPU
	EndGlobalSection
	GlobalSection(SolutionProperties) = preSolution
		HideSolutionNode = FALSE
	EndGlobalSection
	GlobalSection(ExtensibilityGlobals) = postSolution
		SolutionGuid = {21107FFF-FA25-4663-9862-CA2BDFEA1597}
	EndGlobalSection
EndGlobal
